
Microsoft Visual Studio Solution File, Format Version 12.00
# Visual Studio 15
VisualStudioVersion = 15.0.28306.52
MinimumVisualStudioVersion = 10.0.40219.1
Project("{FAE04EC0-301F-11D3-BF4B-00C04F79EFBC}") = "9.4.2", "9.4.2\9.4.2.csproj", "{DF675E22-0166-4983-9E5B-B99C457CBE93}"
EndProject
Global
	GlobalSection(SolutionConfigurationPlatforms) = preSolution
		Debug|Any CPU = Debug|Any CPU
		Release|Any CPU = Release|Any CPU
	EndGlobalSection
	GlobalSection(ProjectConfigurationPlatforms) = postSolution
		{DF675E22-0166-4983-9E5B-B99C457CBE93}.Debug|Any CPU.ActiveCfg = Debug|Any CPU
		{DF675E22-0166-4983-9E5B-B99C457CBE93}.Debug|Any CPU.Build.0 = Debug|Any CPU
		{DF675E22-0166-4983-9E5B-B99C457CBE93}.Release|Any CPU.ActiveCfg = Release|Any CPU
		{DF675E22-0166-4983-9E5B-B99C457CBE93}.Release|Any CPU.Build.0 = Release|Any CPU
	EndGlobalSection
	GlobalSection(SolutionProperties) = preSolution
		HideSolutionNode = FALSE
	EndGlobalSection
	GlobalSection(ExtensibilityGlobals) = postSolution
		SolutionGuid = {5EEA78CB-E251-47F0-8EF5-500D10FF3942}
	EndGlobalSection
EndGlobal
